{
  "version": 4,
  "terraform_version": "1.1.4",
  "serial": 88,
  "lineage": "7fd61054-2bdd-45d8-8c93-6ac5fd758c7b",
  "outputs": {
    "external_ip_address_node01": {
      "value": "62.84.113.80",
      "type": "string"
    },
    "external_ip_address_node02": {
      "value": "62.84.114.168",
      "type": "string"
    },
    "external_ip_address_node03": {
      "value": "62.84.113.81",
      "type": "string"
    },
    "external_ip_address_node04": {
      "value": "62.84.113.72",
      "type": "string"
    },
    "external_ip_address_node05": {
      "value": "62.84.112.160",
      "type": "string"
    },
    "external_ip_address_node06": {
      "value": "62.84.114.100",
      "type": "string"
    },
    "internal_ip_address_node01": {
      "value": "192.168.101.11",
      "type": "string"
    },
    "internal_ip_address_node02": {
      "value": "192.168.101.12",
      "type": "string"
    },
    "internal_ip_address_node03": {
      "value": "192.168.101.13",
      "type": "string"
    },
    "internal_ip_address_node04": {
      "value": "192.168.101.14",
      "type": "string"
    },
    "internal_ip_address_node05": {
      "value": "192.168.101.15",
      "type": "string"
    },
    "internal_ip_address_node06": {
      "value": "192.168.101.16",
      "type": "string"
    }
  },
  "resources": [
    {
      "mode": "managed",
      "type": "local_file",
      "name": "inventory",
      "provider": "provider[\"registry.terraform.io/hashicorp/local\"]",
      "instances": [
        {
          "schema_version": 0,
          "attributes": {
            "content": "# Ansible inventory containing variable values from Terraform.\n# Generated by Terraform.\n\n[nodes:children]\nmanagers\nworkers\n\n[managers:children]\nactive\nstandby\n\n[active]\nnode01.netology.yc ansible_host=62.84.113.80\n\n[standby]\nnode02.netology.yc ansible_host=62.84.114.168\nnode03.netology.yc ansible_host=62.84.113.81\n\n[workers]\nnode04.netology.yc ansible_host=62.84.113.72\nnode05.netology.yc ansible_host=62.84.112.160\nnode06.netology.yc ansible_host=62.84.114.100\n",
            "content_base64": null,
            "directory_permission": "0777",
            "file_permission": "0777",
            "filename": "../ansible/inventory",
            "id": "ab4f4001519eff281491ae7326a4ab46058f24a7",
            "sensitive_content": null,
            "source": null
          },
          "sensitive_attributes": [],
          "private": "bnVsbA==",
          "dependencies": [
            "yandex_compute_instance.node01",
            "yandex_compute_instance.node02",
            "yandex_compute_instance.node03",
            "yandex_compute_instance.node04",
            "yandex_compute_instance.node05",
            "yandex_compute_instance.node06",
            "yandex_vpc_network.default",
            "yandex_vpc_subnet.default"
          ]
        }
      ]
    },
    {
      "mode": "managed",
      "type": "null_resource",
      "name": "cluster",
      "provider": "provider[\"registry.terraform.io/hashicorp/null\"]",
      "instances": [
        {
          "schema_version": 0,
          "attributes": {
            "id": "5456212951069752301",
            "triggers": null
          },
          "sensitive_attributes": [],
          "private": "bnVsbA==",
          "dependencies": [
            "local_file.inventory",
            "null_resource.wait",
            "yandex_compute_instance.node01",
            "yandex_compute_instance.node02",
            "yandex_compute_instance.node03",
            "yandex_compute_instance.node04",
            "yandex_compute_instance.node05",
            "yandex_compute_instance.node06",
            "yandex_vpc_network.default",
            "yandex_vpc_subnet.default"
          ]
        }
      ]
    },
    {
      "mode": "managed",
      "type": "null_resource",
      "name": "monitoring",
      "provider": "provider[\"registry.terraform.io/hashicorp/null\"]",
      "instances": [
        {
          "schema_version": 0,
          "attributes": {
            "id": "638664499561446905",
            "triggers": null
          },
          "sensitive_attributes": [],
          "private": "bnVsbA==",
          "dependencies": [
            "local_file.inventory",
            "null_resource.cluster",
            "null_resource.sync",
            "null_resource.wait",
            "yandex_compute_instance.node01",
            "yandex_compute_instance.node02",
            "yandex_compute_instance.node03",
            "yandex_compute_instance.node04",
            "yandex_compute_instance.node05",
            "yandex_compute_instance.node06",
            "yandex_vpc_network.default",
            "yandex_vpc_subnet.default"
          ]
        }
      ]
    },
    {
      "mode": "managed",
      "type": "null_resource",
      "name": "sync",
      "provider": "provider[\"registry.terraform.io/hashicorp/null\"]",
      "instances": [
        {
          "schema_version": 0,
          "attributes": {
            "id": "9001802956399519992",
            "triggers": null
          },
          "sensitive_attributes": [],
          "private": "bnVsbA==",
          "dependencies": [
            "local_file.inventory",
            "null_resource.cluster",
            "null_resource.wait",
            "yandex_compute_instance.node01",
            "yandex_compute_instance.node02",
            "yandex_compute_instance.node03",
            "yandex_compute_instance.node04",
            "yandex_compute_instance.node05",
            "yandex_compute_instance.node06",
            "yandex_vpc_network.default",
            "yandex_vpc_subnet.default"
          ]
        }
      ]
    },
    {
      "mode": "managed",
      "type": "null_resource",
      "name": "wait",
      "provider": "provider[\"registry.terraform.io/hashicorp/null\"]",
      "instances": [
        {
          "schema_version": 0,
          "attributes": {
            "id": "1256433876854025482",
            "triggers": null
          },
          "sensitive_attributes": [],
          "private": "bnVsbA==",
          "dependencies": [
            "local_file.inventory",
            "yandex_compute_instance.node01",
            "yandex_compute_instance.node02",
            "yandex_compute_instance.node03",
            "yandex_compute_instance.node04",
            "yandex_compute_instance.node05",
            "yandex_compute_instance.node06",
            "yandex_vpc_network.default",
            "yandex_vpc_subnet.default"
          ]
        }
      ]
    },
    {
      "mode": "managed",
      "type": "yandex_compute_instance",
      "name": "node01",
      "provider": "provider[\"registry.terraform.io/yandex-cloud/yandex\"]",
      "instances": [
        {
          "schema_version": 1,
          "attributes": {
            "allow_stopping_for_update": true,
            "boot_disk": [
              {
                "auto_delete": true,
                "device_name": "fhmrgail6clek3003old",
                "disk_id": "fhmrgail6clek3003old",
                "initialize_params": [
                  {
                    "block_size": 4096,
                    "description": "",
                    "image_id": "fd82k68tmvrr5cqcrrh2",
                    "name": "root-node01",
                    "size": 10,
                    "snapshot_id": "",
                    "type": "network-ssd"
                  }
                ],
                "mode": "READ_WRITE"
              }
            ],
            "created_at": "2022-02-11T21:38:01Z",
            "description": "",
            "folder_id": "b1gcedqh2opsb3qdvctm",
            "fqdn": "node01.netology.yc",
            "hostname": "node01",
            "id": "fhmed6unf7nmr3hr2go9",
            "labels": null,
            "metadata": {
              "ssh-keys": "centos:ssh-rsa AAAAB3NzaC1yc2EAAAADAQABAAABgQCoSE9G0t9djJkegHzut6LQMhK89LOQth0i3QrZqvp8zMy1CnfxRSWPQ3BlEGqL/NwRhA0Gi4hJ4y/OkHMbCTZald2MEEIFqHkOPHmUul79s3i5poAhylI0mEjobgOLE0tUzXCjZGWupIRdjerm+jamsRyCTUJSOLAgteSULFKauVniaeGhMXwJUy5mK/eI4nfjOSqXUe/yAeOa+gTZ1knwsbDgWyUZe8AR4oFyXhBBeulsSlc6R/kXXb4yddRicnBXkbe0IN9oM21yjdxeLiN/fL3LixGmK7EpDKQ9z35DJlmgE5JjDEhNynNqruvbdqHQMdD7PM0haJdHtGEPoXDidEF6kgaTqLYhCj06xa5GpN1V9AOJ5ecLp4UoSFUBePRuWWjPdOtKh6NcOwMeKNJ8owhtp2pubzi6z0929o1UuoJIvTjyUE6IiXDUBvzYNC1aAgNJbGBu99O8k5VQXZ1Cg1LWKBenBqTL4/OduJMA/TTmbcPEW/qIyMKFeW3jaGc= romanmaliushkin@MBP-admin\n"
            },
            "name": "node01",
            "network_acceleration_type": "standard",
            "network_interface": [
              {
                "dns_record": [],
                "index": 0,
                "ip_address": "192.168.101.11",
                "ipv4": true,
                "ipv6": false,
                "ipv6_address": "",
                "ipv6_dns_record": [],
                "mac_address": "d0:0d:e6:9b:d7:79",
                "nat": true,
                "nat_dns_record": [],
                "nat_ip_address": "62.84.113.80",
                "nat_ip_version": "IPV4",
                "security_group_ids": [],
                "subnet_id": "e9bj9vqg4mpivbvbr47u"
              }
            ],
            "placement_policy": [
              {
                "placement_group_id": ""
              }
            ],
            "platform_id": "standard-v1",
            "resources": [
              {
                "core_fraction": 100,
                "cores": 4,
                "gpus": 0,
                "memory": 8
              }
            ],
            "scheduling_policy": [
              {
                "preemptible": false
              }
            ],
            "secondary_disk": [],
            "service_account_id": "",
            "status": "running",
            "timeouts": null,
            "zone": "ru-central1-a"
          },
          "sensitive_attributes": [],
          "private": "eyJlMmJmYjczMC1lY2FhLTExZTYtOGY4OC0zNDM2M2JjN2M0YzAiOnsiY3JlYXRlIjozMDAwMDAwMDAwMDAsImRlbGV0ZSI6MzAwMDAwMDAwMDAwLCJ1cGRhdGUiOjMwMDAwMDAwMDAwMH0sInNjaGVtYV92ZXJzaW9uIjoiMSJ9",
          "dependencies": [
            "yandex_vpc_network.default",
            "yandex_vpc_subnet.default"
          ]
        }
      ]
    },
    {
      "mode": "managed",
      "type": "yandex_compute_instance",
      "name": "node02",
      "provider": "provider[\"registry.terraform.io/yandex-cloud/yandex\"]",
      "instances": [
        {
          "schema_version": 1,
          "attributes": {
            "allow_stopping_for_update": true,
            "boot_disk": [
              {
                "auto_delete": true,
                "device_name": "fhm2r748cm85oigake82",
                "disk_id": "fhm2r748cm85oigake82",
                "initialize_params": [
                  {
                    "block_size": 4096,
                    "description": "",
                    "image_id": "fd82k68tmvrr5cqcrrh2",
                    "name": "root-node02",
                    "size": 10,
                    "snapshot_id": "",
                    "type": "network-ssd"
                  }
                ],
                "mode": "READ_WRITE"
              }
            ],
            "created_at": "2022-02-11T21:38:01Z",
            "description": "",
            "folder_id": "b1gcedqh2opsb3qdvctm",
            "fqdn": "node02.netology.yc",
            "hostname": "node02",
            "id": "fhmtmktrv5d13m59vfbh",
            "labels": null,
            "metadata": {
              "ssh-keys": "centos:ssh-rsa AAAAB3NzaC1yc2EAAAADAQABAAABgQCoSE9G0t9djJkegHzut6LQMhK89LOQth0i3QrZqvp8zMy1CnfxRSWPQ3BlEGqL/NwRhA0Gi4hJ4y/OkHMbCTZald2MEEIFqHkOPHmUul79s3i5poAhylI0mEjobgOLE0tUzXCjZGWupIRdjerm+jamsRyCTUJSOLAgteSULFKauVniaeGhMXwJUy5mK/eI4nfjOSqXUe/yAeOa+gTZ1knwsbDgWyUZe8AR4oFyXhBBeulsSlc6R/kXXb4yddRicnBXkbe0IN9oM21yjdxeLiN/fL3LixGmK7EpDKQ9z35DJlmgE5JjDEhNynNqruvbdqHQMdD7PM0haJdHtGEPoXDidEF6kgaTqLYhCj06xa5GpN1V9AOJ5ecLp4UoSFUBePRuWWjPdOtKh6NcOwMeKNJ8owhtp2pubzi6z0929o1UuoJIvTjyUE6IiXDUBvzYNC1aAgNJbGBu99O8k5VQXZ1Cg1LWKBenBqTL4/OduJMA/TTmbcPEW/qIyMKFeW3jaGc= romanmaliushkin@MBP-admin\n"
            },
            "name": "node02",
            "network_acceleration_type": "standard",
            "network_interface": [
              {
                "dns_record": [],
                "index": 0,
                "ip_address": "192.168.101.12",
                "ipv4": true,
                "ipv6": false,
                "ipv6_address": "",
                "ipv6_dns_record": [],
                "mac_address": "d0:0d:1d:b5:3b:bf",
                "nat": true,
                "nat_dns_record": [],
                "nat_ip_address": "62.84.114.168",
                "nat_ip_version": "IPV4",
                "security_group_ids": [],
                "subnet_id": "e9bj9vqg4mpivbvbr47u"
              }
            ],
            "placement_policy": [
              {
                "placement_group_id": ""
              }
            ],
            "platform_id": "standard-v1",
            "resources": [
              {
                "core_fraction": 100,
                "cores": 4,
                "gpus": 0,
                "memory": 8
              }
            ],
            "scheduling_policy": [
              {
                "preemptible": false
              }
            ],
            "secondary_disk": [],
            "service_account_id": "",
            "status": "running",
            "timeouts": null,
            "zone": "ru-central1-a"
          },
          "sensitive_attributes": [],
          "private": "eyJlMmJmYjczMC1lY2FhLTExZTYtOGY4OC0zNDM2M2JjN2M0YzAiOnsiY3JlYXRlIjozMDAwMDAwMDAwMDAsImRlbGV0ZSI6MzAwMDAwMDAwMDAwLCJ1cGRhdGUiOjMwMDAwMDAwMDAwMH0sInNjaGVtYV92ZXJzaW9uIjoiMSJ9",
          "dependencies": [
            "yandex_vpc_network.default",
            "yandex_vpc_subnet.default"
          ]
        }
      ]
    },
    {
      "mode": "managed",
      "type": "yandex_compute_instance",
      "name": "node03",
      "provider": "provider[\"registry.terraform.io/yandex-cloud/yandex\"]",
      "instances": [
        {
          "schema_version": 1,
          "attributes": {
            "allow_stopping_for_update": true,
            "boot_disk": [
              {
                "auto_delete": true,
                "device_name": "fhmr1tlsr6h0qu2r7gun",
                "disk_id": "fhmr1tlsr6h0qu2r7gun",
                "initialize_params": [
                  {
                    "block_size": 4096,
                    "description": "",
                    "image_id": "fd82k68tmvrr5cqcrrh2",
                    "name": "root-node03",
                    "size": 10,
                    "snapshot_id": "",
                    "type": "network-ssd"
                  }
                ],
                "mode": "READ_WRITE"
              }
            ],
            "created_at": "2022-02-11T21:38:01Z",
            "description": "",
            "folder_id": "b1gcedqh2opsb3qdvctm",
            "fqdn": "node03.netology.yc",
            "hostname": "node03",
            "id": "fhme665qb3fo0pre0o81",
            "labels": null,
            "metadata": {
              "ssh-keys": "centos:ssh-rsa AAAAB3NzaC1yc2EAAAADAQABAAABgQCoSE9G0t9djJkegHzut6LQMhK89LOQth0i3QrZqvp8zMy1CnfxRSWPQ3BlEGqL/NwRhA0Gi4hJ4y/OkHMbCTZald2MEEIFqHkOPHmUul79s3i5poAhylI0mEjobgOLE0tUzXCjZGWupIRdjerm+jamsRyCTUJSOLAgteSULFKauVniaeGhMXwJUy5mK/eI4nfjOSqXUe/yAeOa+gTZ1knwsbDgWyUZe8AR4oFyXhBBeulsSlc6R/kXXb4yddRicnBXkbe0IN9oM21yjdxeLiN/fL3LixGmK7EpDKQ9z35DJlmgE5JjDEhNynNqruvbdqHQMdD7PM0haJdHtGEPoXDidEF6kgaTqLYhCj06xa5GpN1V9AOJ5ecLp4UoSFUBePRuWWjPdOtKh6NcOwMeKNJ8owhtp2pubzi6z0929o1UuoJIvTjyUE6IiXDUBvzYNC1aAgNJbGBu99O8k5VQXZ1Cg1LWKBenBqTL4/OduJMA/TTmbcPEW/qIyMKFeW3jaGc= romanmaliushkin@MBP-admin\n"
            },
            "name": "node03",
            "network_acceleration_type": "standard",
            "network_interface": [
              {
                "dns_record": [],
                "index": 0,
                "ip_address": "192.168.101.13",
                "ipv4": true,
                "ipv6": false,
                "ipv6_address": "",
                "ipv6_dns_record": [],
                "mac_address": "d0:0d:e3:18:ba:58",
                "nat": true,
                "nat_dns_record": [],
                "nat_ip_address": "62.84.113.81",
                "nat_ip_version": "IPV4",
                "security_group_ids": [],
                "subnet_id": "e9bj9vqg4mpivbvbr47u"
              }
            ],
            "placement_policy": [
              {
                "placement_group_id": ""
              }
            ],
            "platform_id": "standard-v1",
            "resources": [
              {
                "core_fraction": 100,
                "cores": 4,
                "gpus": 0,
                "memory": 8
              }
            ],
            "scheduling_policy": [
              {
                "preemptible": false
              }
            ],
            "secondary_disk": [],
            "service_account_id": "",
            "status": "running",
            "timeouts": null,
            "zone": "ru-central1-a"
          },
          "sensitive_attributes": [],
          "private": "eyJlMmJmYjczMC1lY2FhLTExZTYtOGY4OC0zNDM2M2JjN2M0YzAiOnsiY3JlYXRlIjozMDAwMDAwMDAwMDAsImRlbGV0ZSI6MzAwMDAwMDAwMDAwLCJ1cGRhdGUiOjMwMDAwMDAwMDAwMH0sInNjaGVtYV92ZXJzaW9uIjoiMSJ9",
          "dependencies": [
            "yandex_vpc_network.default",
            "yandex_vpc_subnet.default"
          ]
        }
      ]
    },
    {
      "mode": "managed",
      "type": "yandex_compute_instance",
      "name": "node04",
      "provider": "provider[\"registry.terraform.io/yandex-cloud/yandex\"]",
      "instances": [
        {
          "schema_version": 1,
          "attributes": {
            "allow_stopping_for_update": true,
            "boot_disk": [
              {
                "auto_delete": true,
                "device_name": "fhmtlbm40mklb44iqean",
                "disk_id": "fhmtlbm40mklb44iqean",
                "initialize_params": [
                  {
                    "block_size": 4096,
                    "description": "",
                    "image_id": "fd82k68tmvrr5cqcrrh2",
                    "name": "root-node04",
                    "size": 40,
                    "snapshot_id": "",
                    "type": "network-ssd"
                  }
                ],
                "mode": "READ_WRITE"
              }
            ],
            "created_at": "2022-02-11T21:38:01Z",
            "description": "",
            "folder_id": "b1gcedqh2opsb3qdvctm",
            "fqdn": "node04.netology.yc",
            "hostname": "node04",
            "id": "fhmsjarbhamnrhgem641",
            "labels": null,
            "metadata": {
              "ssh-keys": "centos:ssh-rsa AAAAB3NzaC1yc2EAAAADAQABAAABgQCoSE9G0t9djJkegHzut6LQMhK89LOQth0i3QrZqvp8zMy1CnfxRSWPQ3BlEGqL/NwRhA0Gi4hJ4y/OkHMbCTZald2MEEIFqHkOPHmUul79s3i5poAhylI0mEjobgOLE0tUzXCjZGWupIRdjerm+jamsRyCTUJSOLAgteSULFKauVniaeGhMXwJUy5mK/eI4nfjOSqXUe/yAeOa+gTZ1knwsbDgWyUZe8AR4oFyXhBBeulsSlc6R/kXXb4yddRicnBXkbe0IN9oM21yjdxeLiN/fL3LixGmK7EpDKQ9z35DJlmgE5JjDEhNynNqruvbdqHQMdD7PM0haJdHtGEPoXDidEF6kgaTqLYhCj06xa5GpN1V9AOJ5ecLp4UoSFUBePRuWWjPdOtKh6NcOwMeKNJ8owhtp2pubzi6z0929o1UuoJIvTjyUE6IiXDUBvzYNC1aAgNJbGBu99O8k5VQXZ1Cg1LWKBenBqTL4/OduJMA/TTmbcPEW/qIyMKFeW3jaGc= romanmaliushkin@MBP-admin\n"
            },
            "name": "node04",
            "network_acceleration_type": "standard",
            "network_interface": [
              {
                "dns_record": [],
                "index": 0,
                "ip_address": "192.168.101.14",
                "ipv4": true,
                "ipv6": false,
                "ipv6_address": "",
                "ipv6_dns_record": [],
                "mac_address": "d0:0d:1c:9a:b6:b8",
                "nat": true,
                "nat_dns_record": [],
                "nat_ip_address": "62.84.113.72",
                "nat_ip_version": "IPV4",
                "security_group_ids": [],
                "subnet_id": "e9bj9vqg4mpivbvbr47u"
              }
            ],
            "placement_policy": [
              {
                "placement_group_id": ""
              }
            ],
            "platform_id": "standard-v1",
            "resources": [
              {
                "core_fraction": 100,
                "cores": 4,
                "gpus": 0,
                "memory": 8
              }
            ],
            "scheduling_policy": [
              {
                "preemptible": false
              }
            ],
            "secondary_disk": [],
            "service_account_id": "",
            "status": "running",
            "timeouts": null,
            "zone": "ru-central1-a"
          },
          "sensitive_attributes": [],
          "private": "eyJlMmJmYjczMC1lY2FhLTExZTYtOGY4OC0zNDM2M2JjN2M0YzAiOnsiY3JlYXRlIjozMDAwMDAwMDAwMDAsImRlbGV0ZSI6MzAwMDAwMDAwMDAwLCJ1cGRhdGUiOjMwMDAwMDAwMDAwMH0sInNjaGVtYV92ZXJzaW9uIjoiMSJ9",
          "dependencies": [
            "yandex_vpc_network.default",
            "yandex_vpc_subnet.default"
          ]
        }
      ]
    },
    {
      "mode": "managed",
      "type": "yandex_compute_instance",
      "name": "node05",
      "provider": "provider[\"registry.terraform.io/yandex-cloud/yandex\"]",
      "instances": [
        {
          "schema_version": 1,
          "attributes": {
            "allow_stopping_for_update": true,
            "boot_disk": [
              {
                "auto_delete": true,
                "device_name": "fhmautr4aecscjpadh8c",
                "disk_id": "fhmautr4aecscjpadh8c",
                "initialize_params": [
                  {
                    "block_size": 4096,
                    "description": "",
                    "image_id": "fd82k68tmvrr5cqcrrh2",
                    "name": "root-node05",
                    "size": 40,
                    "snapshot_id": "",
                    "type": "network-ssd"
                  }
                ],
                "mode": "READ_WRITE"
              }
            ],
            "created_at": "2022-02-11T21:38:01Z",
            "description": "",
            "folder_id": "b1gcedqh2opsb3qdvctm",
            "fqdn": "node05.netology.yc",
            "hostname": "node05",
            "id": "fhm5nceld9sllj8ioacr",
            "labels": null,
            "metadata": {
              "ssh-keys": "centos:ssh-rsa AAAAB3NzaC1yc2EAAAADAQABAAABgQCoSE9G0t9djJkegHzut6LQMhK89LOQth0i3QrZqvp8zMy1CnfxRSWPQ3BlEGqL/NwRhA0Gi4hJ4y/OkHMbCTZald2MEEIFqHkOPHmUul79s3i5poAhylI0mEjobgOLE0tUzXCjZGWupIRdjerm+jamsRyCTUJSOLAgteSULFKauVniaeGhMXwJUy5mK/eI4nfjOSqXUe/yAeOa+gTZ1knwsbDgWyUZe8AR4oFyXhBBeulsSlc6R/kXXb4yddRicnBXkbe0IN9oM21yjdxeLiN/fL3LixGmK7EpDKQ9z35DJlmgE5JjDEhNynNqruvbdqHQMdD7PM0haJdHtGEPoXDidEF6kgaTqLYhCj06xa5GpN1V9AOJ5ecLp4UoSFUBePRuWWjPdOtKh6NcOwMeKNJ8owhtp2pubzi6z0929o1UuoJIvTjyUE6IiXDUBvzYNC1aAgNJbGBu99O8k5VQXZ1Cg1LWKBenBqTL4/OduJMA/TTmbcPEW/qIyMKFeW3jaGc= romanmaliushkin@MBP-admin\n"
            },
            "name": "node05",
            "network_acceleration_type": "standard",
            "network_interface": [
              {
                "dns_record": [],
                "index": 0,
                "ip_address": "192.168.101.15",
                "ipv4": true,
                "ipv6": false,
                "ipv6_address": "",
                "ipv6_dns_record": [],
                "mac_address": "d0:0d:5b:b1:d5:6a",
                "nat": true,
                "nat_dns_record": [],
                "nat_ip_address": "62.84.112.160",
                "nat_ip_version": "IPV4",
                "security_group_ids": [],
                "subnet_id": "e9bj9vqg4mpivbvbr47u"
              }
            ],
            "placement_policy": [
              {
                "placement_group_id": ""
              }
            ],
            "platform_id": "standard-v1",
            "resources": [
              {
                "core_fraction": 100,
                "cores": 4,
                "gpus": 0,
                "memory": 8
              }
            ],
            "scheduling_policy": [
              {
                "preemptible": false
              }
            ],
            "secondary_disk": [],
            "service_account_id": "",
            "status": "running",
            "timeouts": null,
            "zone": "ru-central1-a"
          },
          "sensitive_attributes": [],
          "private": "eyJlMmJmYjczMC1lY2FhLTExZTYtOGY4OC0zNDM2M2JjN2M0YzAiOnsiY3JlYXRlIjozMDAwMDAwMDAwMDAsImRlbGV0ZSI6MzAwMDAwMDAwMDAwLCJ1cGRhdGUiOjMwMDAwMDAwMDAwMH0sInNjaGVtYV92ZXJzaW9uIjoiMSJ9",
          "dependencies": [
            "yandex_vpc_network.default",
            "yandex_vpc_subnet.default"
          ]
        }
      ]
    },
    {
      "mode": "managed",
      "type": "yandex_compute_instance",
      "name": "node06",
      "provider": "provider[\"registry.terraform.io/yandex-cloud/yandex\"]",
      "instances": [
        {
          "schema_version": 1,
          "attributes": {
            "allow_stopping_for_update": true,
            "boot_disk": [
              {
                "auto_delete": true,
                "device_name": "fhmd82q9mg6407elufo7",
                "disk_id": "fhmd82q9mg6407elufo7",
                "initialize_params": [
                  {
                    "block_size": 4096,
                    "description": "",
                    "image_id": "fd82k68tmvrr5cqcrrh2",
                    "name": "root-node06",
                    "size": 40,
                    "snapshot_id": "",
                    "type": "network-ssd"
                  }
                ],
                "mode": "READ_WRITE"
              }
            ],
            "created_at": "2022-02-11T21:38:01Z",
            "description": "",
            "folder_id": "b1gcedqh2opsb3qdvctm",
            "fqdn": "node06.netology.yc",
            "hostname": "node06",
            "id": "fhmntnnk4eq111kfafco",
            "labels": null,
            "metadata": {
              "ssh-keys": "centos:ssh-rsa AAAAB3NzaC1yc2EAAAADAQABAAABgQCoSE9G0t9djJkegHzut6LQMhK89LOQth0i3QrZqvp8zMy1CnfxRSWPQ3BlEGqL/NwRhA0Gi4hJ4y/OkHMbCTZald2MEEIFqHkOPHmUul79s3i5poAhylI0mEjobgOLE0tUzXCjZGWupIRdjerm+jamsRyCTUJSOLAgteSULFKauVniaeGhMXwJUy5mK/eI4nfjOSqXUe/yAeOa+gTZ1knwsbDgWyUZe8AR4oFyXhBBeulsSlc6R/kXXb4yddRicnBXkbe0IN9oM21yjdxeLiN/fL3LixGmK7EpDKQ9z35DJlmgE5JjDEhNynNqruvbdqHQMdD7PM0haJdHtGEPoXDidEF6kgaTqLYhCj06xa5GpN1V9AOJ5ecLp4UoSFUBePRuWWjPdOtKh6NcOwMeKNJ8owhtp2pubzi6z0929o1UuoJIvTjyUE6IiXDUBvzYNC1aAgNJbGBu99O8k5VQXZ1Cg1LWKBenBqTL4/OduJMA/TTmbcPEW/qIyMKFeW3jaGc= romanmaliushkin@MBP-admin\n"
            },
            "name": "node06",
            "network_acceleration_type": "standard",
            "network_interface": [
              {
                "dns_record": [],
                "index": 0,
                "ip_address": "192.168.101.16",
                "ipv4": true,
                "ipv6": false,
                "ipv6_address": "",
                "ipv6_dns_record": [],
                "mac_address": "d0:0d:17:ed:ef:42",
                "nat": true,
                "nat_dns_record": [],
                "nat_ip_address": "62.84.114.100",
                "nat_ip_version": "IPV4",
                "security_group_ids": [],
                "subnet_id": "e9bj9vqg4mpivbvbr47u"
              }
            ],
            "placement_policy": [
              {
                "placement_group_id": ""
              }
            ],
            "platform_id": "standard-v1",
            "resources": [
              {
                "core_fraction": 100,
                "cores": 4,
                "gpus": 0,
                "memory": 8
              }
            ],
            "scheduling_policy": [
              {
                "preemptible": false
              }
            ],
            "secondary_disk": [],
            "service_account_id": "",
            "status": "running",
            "timeouts": null,
            "zone": "ru-central1-a"
          },
          "sensitive_attributes": [],
          "private": "eyJlMmJmYjczMC1lY2FhLTExZTYtOGY4OC0zNDM2M2JjN2M0YzAiOnsiY3JlYXRlIjozMDAwMDAwMDAwMDAsImRlbGV0ZSI6MzAwMDAwMDAwMDAwLCJ1cGRhdGUiOjMwMDAwMDAwMDAwMH0sInNjaGVtYV92ZXJzaW9uIjoiMSJ9",
          "dependencies": [
            "yandex_vpc_network.default",
            "yandex_vpc_subnet.default"
          ]
        }
      ]
    },
    {
      "mode": "managed",
      "type": "yandex_vpc_network",
      "name": "default",
      "provider": "provider[\"registry.terraform.io/yandex-cloud/yandex\"]",
      "instances": [
        {
          "schema_version": 0,
          "attributes": {
            "created_at": "2022-02-11T21:37:59Z",
            "default_security_group_id": "",
            "description": "",
            "folder_id": "b1gcedqh2opsb3qdvctm",
            "id": "enpl8ms2r67mv134665k",
            "labels": {},
            "name": "net",
            "subnet_ids": [],
            "timeouts": null
          },
          "sensitive_attributes": [],
          "private": "eyJlMmJmYjczMC1lY2FhLTExZTYtOGY4OC0zNDM2M2JjN2M0YzAiOnsiY3JlYXRlIjo2MDAwMDAwMDAwMCwiZGVsZXRlIjo2MDAwMDAwMDAwMCwidXBkYXRlIjo2MDAwMDAwMDAwMH19"
        }
      ]
    },
    {
      "mode": "managed",
      "type": "yandex_vpc_subnet",
      "name": "default",
      "provider": "provider[\"registry.terraform.io/yandex-cloud/yandex\"]",
      "instances": [
        {
          "schema_version": 0,
          "attributes": {
            "created_at": "2022-02-11T21:37:59Z",
            "description": "",
            "dhcp_options": [],
            "folder_id": "b1gcedqh2opsb3qdvctm",
            "id": "e9bj9vqg4mpivbvbr47u",
            "labels": {},
            "name": "subnet",
            "network_id": "enpl8ms2r67mv134665k",
            "route_table_id": "",
            "timeouts": null,
            "v4_cidr_blocks": [
              "192.168.101.0/24"
            ],
            "v6_cidr_blocks": [],
            "zone": "ru-central1-a"
          },
          "sensitive_attributes": [],
          "private": "eyJlMmJmYjczMC1lY2FhLTExZTYtOGY4OC0zNDM2M2JjN2M0YzAiOnsiY3JlYXRlIjoxODAwMDAwMDAwMDAsImRlbGV0ZSI6MTgwMDAwMDAwMDAwLCJ1cGRhdGUiOjE4MDAwMDAwMDAwMH19",
          "dependencies": [
            "yandex_vpc_network.default"
          ]
        }
      ]
    }
  ]
}
