{
  "version": 4,
  "terraform_version": "1.1.4",
  "serial": 4,
  "lineage": "1305f883-f409-17ce-4a8f-e4d85845fc73",
  "outputs": {},
  "resources": [
    {
      "mode": "managed",
      "type": "yandex_compute_instance",
      "name": "node01",
      "provider": "provider[\"registry.terraform.io/yandex-cloud/yandex\"]",
      "instances": [
        {
          "schema_version": 1,
          "attributes": {
            "allow_stopping_for_update": true,
            "boot_disk": [
              {
                "auto_delete": true,
                "device_name": "fhmkvhsfrpgkesjacdu1",
                "disk_id": "fhmkvhsfrpgkesjacdu1",
                "initialize_params": [
                  {
                    "block_size": 4096,
                    "description": "",
                    "image_id": "fd8aimgkrvok9b5qgjqe",
                    "name": "root-node01",
                    "size": 50,
                    "snapshot_id": "",
                    "type": "network-ssd"
                  }
                ],
                "mode": "READ_WRITE"
              }
            ],
            "created_at": "2022-01-30T21:27:12Z",
            "description": "",
            "folder_id": "b1gcedqh2opsb3qdvctm",
            "fqdn": "node01.netology.cloud",
            "hostname": "node01",
            "id": "fhmeecvndu47ed0mgc9u",
            "labels": null,
            "metadata": {
              "ssh-keys": "centos:ssh-rsa AAAAB3NzaC1yc2EAAAADAQABAAABgQCoSE9G0t9djJkegHzut6LQMhK89LOQth0i3QrZqvp8zMy1CnfxRSWPQ3BlEGqL/NwRhA0Gi4hJ4y/OkHMbCTZald2MEEIFqHkOPHmUul79s3i5poAhylI0mEjobgOLE0tUzXCjZGWupIRdjerm+jamsRyCTUJSOLAgteSULFKauVniaeGhMXwJUy5mK/eI4nfjOSqXUe/yAeOa+gTZ1knwsbDgWyUZe8AR4oFyXhBBeulsSlc6R/kXXb4yddRicnBXkbe0IN9oM21yjdxeLiN/fL3LixGmK7EpDKQ9z35DJlmgE5JjDEhNynNqruvbdqHQMdD7PM0haJdHtGEPoXDidEF6kgaTqLYhCj06xa5GpN1V9AOJ5ecLp4UoSFUBePRuWWjPdOtKh6NcOwMeKNJ8owhtp2pubzi6z0929o1UuoJIvTjyUE6IiXDUBvzYNC1aAgNJbGBu99O8k5VQXZ1Cg1LWKBenBqTL4/OduJMA/TTmbcPEW/qIyMKFeW3jaGc= romanmaliushkin@MBP-admin\n"
            },
            "name": "node01",
            "network_acceleration_type": "standard",
            "network_interface": [
              {
                "dns_record": [],
                "index": 0,
                "ip_address": "192.168.101.17",
                "ipv4": true,
                "ipv6": false,
                "ipv6_address": "",
                "ipv6_dns_record": [],
                "mac_address": "d0:0d:e7:33:f7:6f",
                "nat": true,
                "nat_dns_record": [],
                "nat_ip_address": "51.250.11.206",
                "nat_ip_version": "IPV4",
                "security_group_ids": [],
                "subnet_id": "e9b0hjd1n52jv00pp00b"
              }
            ],
            "placement_policy": [
              {
                "placement_group_id": ""
              }
            ],
            "platform_id": "standard-v1",
            "resources": [
              {
                "core_fraction": 100,
                "cores": 8,
                "gpus": 0,
                "memory": 8
              }
            ],
            "scheduling_policy": [
              {
                "preemptible": false
              }
            ],
            "secondary_disk": [],
            "service_account_id": "",
            "status": "running",
            "timeouts": null,
            "zone": "ru-central1-a"
          },
          "sensitive_attributes": [],
          "private": "eyJlMmJmYjczMC1lY2FhLTExZTYtOGY4OC0zNDM2M2JjN2M0YzAiOnsiY3JlYXRlIjozMDAwMDAwMDAwMDAsImRlbGV0ZSI6MzAwMDAwMDAwMDAwLCJ1cGRhdGUiOjMwMDAwMDAwMDAwMH0sInNjaGVtYV92ZXJzaW9uIjoiMSJ9",
          "dependencies": [
            "yandex_vpc_network.default",
            "yandex_vpc_subnet.default"
          ]
        }
      ]
    },
    {
      "mode": "managed",
      "type": "yandex_vpc_network",
      "name": "default",
      "provider": "provider[\"registry.terraform.io/yandex-cloud/yandex\"]",
      "instances": [
        {
          "schema_version": 0,
          "attributes": {
            "created_at": "2022-01-30T21:27:09Z",
            "default_security_group_id": "",
            "description": "",
            "folder_id": "b1gcedqh2opsb3qdvctm",
            "id": "enp8rh66kokloda2emuf",
            "labels": {},
            "name": "net",
            "subnet_ids": [],
            "timeouts": null
          },
          "sensitive_attributes": [],
          "private": "eyJlMmJmYjczMC1lY2FhLTExZTYtOGY4OC0zNDM2M2JjN2M0YzAiOnsiY3JlYXRlIjo2MDAwMDAwMDAwMCwiZGVsZXRlIjo2MDAwMDAwMDAwMCwidXBkYXRlIjo2MDAwMDAwMDAwMH19"
        }
      ]
    },
    {
      "mode": "managed",
      "type": "yandex_vpc_subnet",
      "name": "default",
      "provider": "provider[\"registry.terraform.io/yandex-cloud/yandex\"]",
      "instances": [
        {
          "schema_version": 0,
          "attributes": {
            "created_at": "2022-01-30T21:27:10Z",
            "description": "",
            "dhcp_options": [],
            "folder_id": "b1gcedqh2opsb3qdvctm",
            "id": "e9b0hjd1n52jv00pp00b",
            "labels": {},
            "name": "subnet",
            "network_id": "enp8rh66kokloda2emuf",
            "route_table_id": "",
            "timeouts": null,
            "v4_cidr_blocks": [
              "192.168.101.0/24"
            ],
            "v6_cidr_blocks": [],
            "zone": "ru-central1-a"
          },
          "sensitive_attributes": [],
          "private": "eyJlMmJmYjczMC1lY2FhLTExZTYtOGY4OC0zNDM2M2JjN2M0YzAiOnsiY3JlYXRlIjoxODAwMDAwMDAwMDAsImRlbGV0ZSI6MTgwMDAwMDAwMDAwLCJ1cGRhdGUiOjE4MDAwMDAwMDAwMH19",
          "dependencies": [
            "yandex_vpc_network.default"
          ]
        }
      ]
    }
  ]
}
